{
  "pins" : [
    {
      "identity" : "networklibrary",
      "kind" : "remoteSourceControl",
      "location" : "https://github.com/dev-onimoe/NetworkLibrary.git",
      "state" : {
        "branch" : "main",
        "revision" : "2a9dfa19d13a8ba2cfa66e4d02e9356cc9ee0269"
      }
    },
    {
      "identity" : "sdwebimage",
      "kind" : "remoteSourceControl",
      "location" : "https://github.com/SDWebImage/SDWebImage.git",
      "state" : {
        "revision" : "be0bcd7823ce56629948491f2eaeaa19979514f7",
        "version" : "5.19.4"
      }
    },
    {
      "identity" : "viewinspector",
      "kind" : "remoteSourceControl",
      "location" : "https://github.com/nalexn/ViewInspector",
      "state" : {
        "revision" : "7b1732802ffe30e6a67754bda6c7819e5cb0eb70",
        "version" : "0.9.11"
      }
    }
  ],
  "version" : 2
}
